// !$*UTF8*$!
{
	archiveVersion = 1;
	classes = {
	};
	objectVersion = 50;
	objects = {

/* Begin PBXBuildFile section */
		28C0ED46B7930C6B4E153077 /* libPods-Weer.a in Frameworks */ = {isa = PBXBuildFile; fileRef = 8541A1A2C5B26F9D4A273137 /* libPods-Weer.a */; };
		A8A0A21826C9BA51002685B1 /* AppDelegate.swift in Sources */ = {isa = PBXBuildFile; fileRef = A8A0A21726C9BA51002685B1 /* AppDelegate.swift */; };
		A8A0A21A26C9BA51002685B1 /* SceneDelegate.swift in Sources */ = {isa = PBXBuildFile; fileRef = A8A0A21926C9BA51002685B1 /* SceneDelegate.swift */; };
		A8A0A21C26C9BA51002685B1 /* TodayViewController.swift in Sources */ = {isa = PBXBuildFile; fileRef = A8A0A21B26C9BA51002685B1 /* TodayViewController.swift */; };
		A8A0A21F26C9BA51002685B1 /* Main.storyboard in Resources */ = {isa = PBXBuildFile; fileRef = A8A0A21D26C9BA51002685B1 /* Main.storyboard */; };
		A8A0A22126C9BA52002685B1 /* Assets.xcassets in Resources */ = {isa = PBXBuildFile; fileRef = A8A0A22026C9BA52002685B1 /* Assets.xcassets */; };
		A8A0A22426C9BA52002685B1 /* LaunchScreen.storyboard in Resources */ = {isa = PBXBuildFile; fileRef = A8A0A22226C9BA52002685B1 /* LaunchScreen.storyboard */; };
		A8A0A22D26C9C22C002685B1 /* ForecastViewController.swift in Sources */ = {isa = PBXBuildFile; fileRef = A8A0A22C26C9C22C002685B1 /* ForecastViewController.swift */; };
		A8A0A22F26C9C4AD002685B1 /* MainTabController.swift in Sources */ = {isa = PBXBuildFile; fileRef = A8A0A22E26C9C4AD002685B1 /* MainTabController.swift */; };
		A8A0A23226CADD96002685B1 /* TodayWeatherData.swift in Sources */ = {isa = PBXBuildFile; fileRef = A8A0A23126CADD96002685B1 /* TodayWeatherData.swift */; };
		A8A0A23426CAE137002685B1 /* TodayWeatherModel.swift in Sources */ = {isa = PBXBuildFile; fileRef = A8A0A23326CAE137002685B1 /* TodayWeatherModel.swift */; };
		A8A0A23726CAE3C2002685B1 /* TWeatherManagerDelegate.swift in Sources */ = {isa = PBXBuildFile; fileRef = A8A0A23626CAE3C2002685B1 /* TWeatherManagerDelegate.swift */; };
		A8A0A23926CAE407002685B1 /* TWeatherManager.swift in Sources */ = {isa = PBXBuildFile; fileRef = A8A0A23826CAE407002685B1 /* TWeatherManager.swift */; };
		A8A0A23B26CC30E9002685B1 /* ForecastWeatherData.swift in Sources */ = {isa = PBXBuildFile; fileRef = A8A0A23A26CC30E9002685B1 /* ForecastWeatherData.swift */; };
		A8A0A23D26CC3348002685B1 /* ForecastWeatherModel.swift in Sources */ = {isa = PBXBuildFile; fileRef = A8A0A23C26CC3348002685B1 /* ForecastWeatherModel.swift */; };
		A8A0A23F26CC36E5002685B1 /* ForecastWeatherManagerDelegate.swift in Sources */ = {isa = PBXBuildFile; fileRef = A8A0A23E26CC36E5002685B1 /* ForecastWeatherManagerDelegate.swift */; };
		A8A0A24126CC378C002685B1 /* ForecastWeatherManager.swift in Sources */ = {isa = PBXBuildFile; fileRef = A8A0A24026CC378C002685B1 /* ForecastWeatherManager.swift */; };
		A8A0A24526CD357E002685B1 /* ForecastTableViewCell.swift in Sources */ = {isa = PBXBuildFile; fileRef = A8A0A24326CD357E002685B1 /* ForecastTableViewCell.swift */; };
		A8A0A24626CD357E002685B1 /* ForecastTableViewCell.xib in Resources */ = {isa = PBXBuildFile; fileRef = A8A0A24426CD357E002685B1 /* ForecastTableViewCell.xib */; };
/* End PBXBuildFile section */

/* Begin PBXFileReference section */
		37512BF80EEE628B32FC44B5 /* Pods-Weer.debug.xcconfig */ = {isa = PBXFileReference; includeInIndex = 1; lastKnownFileType = text.xcconfig; name = "Pods-Weer.debug.xcconfig"; path = "Target Support Files/Pods-Weer/Pods-Weer.debug.xcconfig"; sourceTree = "<group>"; };
		8541A1A2C5B26F9D4A273137 /* libPods-Weer.a */ = {isa = PBXFileReference; explicitFileType = archive.ar; includeInIndex = 0; path = "libPods-Weer.a"; sourceTree = BUILT_PRODUCTS_DIR; };
		A48334CAFB7702434E442586 /* Pods-Weer.release.xcconfig */ = {isa = PBXFileReference; includeInIndex = 1; lastKnownFileType = text.xcconfig; name = "Pods-Weer.release.xcconfig"; path = "Target Support Files/Pods-Weer/Pods-Weer.release.xcconfig"; sourceTree = "<group>"; };
		A8A0A21426C9BA51002685B1 /* Weer.app */ = {isa = PBXFileReference; explicitFileType = wrapper.application; includeInIndex = 0; path = Weer.app; sourceTree = BUILT_PRODUCTS_DIR; };
		A8A0A21726C9BA51002685B1 /* AppDelegate.swift */ = {isa = PBXFileReference; lastKnownFileType = sourcecode.swift; path = AppDelegate.swift; sourceTree = "<group>"; };
		A8A0A21926C9BA51002685B1 /* SceneDelegate.swift */ = {isa = PBXFileReference; lastKnownFileType = sourcecode.swift; path = SceneDelegate.swift; sourceTree = "<group>"; };
		A8A0A21B26C9BA51002685B1 /* TodayViewController.swift */ = {isa = PBXFileReference; lastKnownFileType = sourcecode.swift; path = TodayViewController.swift; sourceTree = "<group>"; };
		A8A0A21E26C9BA51002685B1 /* Base */ = {isa = PBXFileReference; lastKnownFileType = file.storyboard; name = Base; path = Base.lproj/Main.storyboard; sourceTree = "<group>"; };
		A8A0A22026C9BA52002685B1 /* Assets.xcassets */ = {isa = PBXFileReference; lastKnownFileType = folder.assetcatalog; path = Assets.xcassets; sourceTree = "<group>"; };
		A8A0A22326C9BA52002685B1 /* Base */ = {isa = PBXFileReference; lastKnownFileType = file.storyboard; name = Base; path = Base.lproj/LaunchScreen.storyboard; sourceTree = "<group>"; };
		A8A0A22526C9BA52002685B1 /* Info.plist */ = {isa = PBXFileReference; lastKnownFileType = text.plist.xml; path = Info.plist; sourceTree = "<group>"; };
		A8A0A22C26C9C22C002685B1 /* ForecastViewController.swift */ = {isa = PBXFileReference; lastKnownFileType = sourcecode.swift; path = ForecastViewController.swift; sourceTree = "<group>"; };
		A8A0A22E26C9C4AD002685B1 /* MainTabController.swift */ = {isa = PBXFileReference; lastKnownFileType = sourcecode.swift; path = MainTabController.swift; sourceTree = "<group>"; };
		A8A0A23126CADD96002685B1 /* TodayWeatherData.swift */ = {isa = PBXFileReference; lastKnownFileType = sourcecode.swift; path = TodayWeatherData.swift; sourceTree = "<group>"; };
		A8A0A23326CAE137002685B1 /* TodayWeatherModel.swift */ = {isa = PBXFileReference; lastKnownFileType = sourcecode.swift; path = TodayWeatherModel.swift; sourceTree = "<group>"; };
		A8A0A23626CAE3C2002685B1 /* TWeatherManagerDelegate.swift */ = {isa = PBXFileReference; lastKnownFileType = sourcecode.swift; path = TWeatherManagerDelegate.swift; sourceTree = "<group>"; };
		A8A0A23826CAE407002685B1 /* TWeatherManager.swift */ = {isa = PBXFileReference; lastKnownFileType = sourcecode.swift; path = TWeatherManager.swift; sourceTree = "<group>"; };
		A8A0A23A26CC30E9002685B1 /* ForecastWeatherData.swift */ = {isa = PBXFileReference; lastKnownFileType = sourcecode.swift; path = ForecastWeatherData.swift; sourceTree = "<group>"; };
		A8A0A23C26CC3348002685B1 /* ForecastWeatherModel.swift */ = {isa = PBXFileReference; lastKnownFileType = sourcecode.swift; path = ForecastWeatherModel.swift; sourceTree = "<group>"; };
		A8A0A23E26CC36E5002685B1 /* ForecastWeatherManagerDelegate.swift */ = {isa = PBXFileReference; lastKnownFileType = sourcecode.swift; path = ForecastWeatherManagerDelegate.swift; sourceTree = "<group>"; };
		A8A0A24026CC378C002685B1 /* ForecastWeatherManager.swift */ = {isa = PBXFileReference; lastKnownFileType = sourcecode.swift; path = ForecastWeatherManager.swift; sourceTree = "<group>"; };
		A8A0A24326CD357E002685B1 /* ForecastTableViewCell.swift */ = {isa = PBXFileReference; lastKnownFileType = sourcecode.swift; path = ForecastTableViewCell.swift; sourceTree = "<group>"; };
		A8A0A24426CD357E002685B1 /* ForecastTableViewCell.xib */ = {isa = PBXFileReference; lastKnownFileType = file.xib; path = ForecastTableViewCell.xib; sourceTree = "<group>"; };
/* End PBXFileReference section */

/* Begin PBXFrameworksBuildPhase section */
		A8A0A21126C9BA51002685B1 /* Frameworks */ = {
			isa = PBXFrameworksBuildPhase;
			buildActionMask = 2147483647;
			files = (
				28C0ED46B7930C6B4E153077 /* libPods-Weer.a in Frameworks */,
			);
			runOnlyForDeploymentPostprocessing = 0;
		};
/* End PBXFrameworksBuildPhase section */

/* Begin PBXGroup section */
		4AC8F18B63FC05CFD6A12EB3 /* Pods */ = {
			isa = PBXGroup;
			children = (
				37512BF80EEE628B32FC44B5 /* Pods-Weer.debug.xcconfig */,
				A48334CAFB7702434E442586 /* Pods-Weer.release.xcconfig */,
			);
			name = Pods;
			path = Pods;
			sourceTree = "<group>";
		};
		A8A0A20B26C9BA51002685B1 = {
			isa = PBXGroup;
			children = (
				A8A0A21626C9BA51002685B1 /* Weer */,
				A8A0A21526C9BA51002685B1 /* Products */,
				4AC8F18B63FC05CFD6A12EB3 /* Pods */,
				DECB0291B08958C0EFFECFCA /* Frameworks */,
			);
			sourceTree = "<group>";
		};
		A8A0A21526C9BA51002685B1 /* Products */ = {
			isa = PBXGroup;
			children = (
				A8A0A21426C9BA51002685B1 /* Weer.app */,
			);
			name = Products;
			sourceTree = "<group>";
		};
		A8A0A21626C9BA51002685B1 /* Weer */ = {
			isa = PBXGroup;
			children = (
				A8A0A24226CD3513002685B1 /* TableViewCell */,
				A8A0A23526CAE365002685B1 /* ViewModel */,
				A8A0A23026CADD60002685B1 /* Model */,
				A8A0A22B26C9C1E3002685B1 /* ViewControllers */,
				A8A0A21726C9BA51002685B1 /* AppDelegate.swift */,
				A8A0A21926C9BA51002685B1 /* SceneDelegate.swift */,
				A8A0A21D26C9BA51002685B1 /* Main.storyboard */,
				A8A0A22026C9BA52002685B1 /* Assets.xcassets */,
				A8A0A22226C9BA52002685B1 /* LaunchScreen.storyboard */,
				A8A0A22526C9BA52002685B1 /* Info.plist */,
			);
			path = Weer;
			sourceTree = "<group>";
		};
		A8A0A22B26C9C1E3002685B1 /* ViewControllers */ = {
			isa = PBXGroup;
			children = (
				A8A0A21B26C9BA51002685B1 /* TodayViewController.swift */,
				A8A0A22C26C9C22C002685B1 /* ForecastViewController.swift */,
				A8A0A22E26C9C4AD002685B1 /* MainTabController.swift */,
			);
			path = ViewControllers;
			sourceTree = "<group>";
		};
		A8A0A23026CADD60002685B1 /* Model */ = {
			isa = PBXGroup;
			children = (
				A8A0A23126CADD96002685B1 /* TodayWeatherData.swift */,
				A8A0A23326CAE137002685B1 /* TodayWeatherModel.swift */,
				A8A0A23A26CC30E9002685B1 /* ForecastWeatherData.swift */,
				A8A0A23C26CC3348002685B1 /* ForecastWeatherModel.swift */,
			);
			path = Model;
			sourceTree = "<group>";
		};
		A8A0A23526CAE365002685B1 /* ViewModel */ = {
			isa = PBXGroup;
			children = (
				A8A0A23626CAE3C2002685B1 /* TWeatherManagerDelegate.swift */,
				A8A0A23826CAE407002685B1 /* TWeatherManager.swift */,
				A8A0A23E26CC36E5002685B1 /* ForecastWeatherManagerDelegate.swift */,
				A8A0A24026CC378C002685B1 /* ForecastWeatherManager.swift */,
			);
			path = ViewModel;
			sourceTree = "<group>";
		};
		A8A0A24226CD3513002685B1 /* TableViewCell */ = {
			isa = PBXGroup;
			children = (
				A8A0A24326CD357E002685B1 /* ForecastTableViewCell.swift */,
				A8A0A24426CD357E002685B1 /* ForecastTableViewCell.xib */,
			);
			path = TableViewCell;
			sourceTree = "<group>";
		};
		DECB0291B08958C0EFFECFCA /* Frameworks */ = {
			isa = PBXGroup;
			children = (
				8541A1A2C5B26F9D4A273137 /* libPods-Weer.a */,
			);
			name = Frameworks;
			sourceTree = "<group>";
		};
/* End PBXGroup section */

/* Begin PBXNativeTarget section */
		A8A0A21326C9BA51002685B1 /* Weer */ = {
			isa = PBXNativeTarget;
			buildConfigurationList = A8A0A22826C9BA52002685B1 /* Build configuration list for PBXNativeTarget "Weer" */;
			buildPhases = (
				AD35B50AA38F2FDC85BAE522 /* [CP] Check Pods Manifest.lock */,
				A8A0A21026C9BA51002685B1 /* Sources */,
				A8A0A21126C9BA51002685B1 /* Frameworks */,
				A8A0A21226C9BA51002685B1 /* Resources */,
			);
			buildRules = (
			);
			dependencies = (
			);
			name = Weer;
			productName = Weer;
			productReference = A8A0A21426C9BA51002685B1 /* Weer.app */;
			productType = "com.apple.product-type.application";
		};
/* End PBXNativeTarget section */

/* Begin PBXProject section */
		A8A0A20C26C9BA51002685B1 /* Project object */ = {
			isa = PBXProject;
			attributes = {
				LastSwiftUpdateCheck = 1250;
				LastUpgradeCheck = 1250;
				TargetAttributes = {
					A8A0A21326C9BA51002685B1 = {
						CreatedOnToolsVersion = 12.5.1;
					};
				};
			};
			buildConfigurationList = A8A0A20F26C9BA51002685B1 /* Build configuration list for PBXProject "Weer" */;
			compatibilityVersion = "Xcode 9.3";
			developmentRegion = en;
			hasScannedForEncodings = 0;
			knownRegions = (
				en,
				Base,
			);
			mainGroup = A8A0A20B26C9BA51002685B1;
			productRefGroup = A8A0A21526C9BA51002685B1 /* Products */;
			projectDirPath = "";
			projectRoot = "";
			targets = (
				A8A0A21326C9BA51002685B1 /* Weer */,
			);
		};
/* End PBXProject section */

/* Begin PBXResourcesBuildPhase section */
		A8A0A21226C9BA51002685B1 /* Resources */ = {
			isa = PBXResourcesBuildPhase;
			buildActionMask = 2147483647;
			files = (
				A8A0A24626CD357E002685B1 /* ForecastTableViewCell.xib in Resources */,
				A8A0A22426C9BA52002685B1 /* LaunchScreen.storyboard in Resources */,
				A8A0A22126C9BA52002685B1 /* Assets.xcassets in Resources */,
				A8A0A21F26C9BA51002685B1 /* Main.storyboard in Resources */,
			);
			runOnlyForDeploymentPostprocessing = 0;
		};
/* End PBXResourcesBuildPhase section */

/* Begin PBXShellScriptBuildPhase section */
		AD35B50AA38F2FDC85BAE522 /* [CP] Check Pods Manifest.lock */ = {
			isa = PBXShellScriptBuildPhase;
			buildActionMask = 2147483647;
			files = (
			);
			inputFileListPaths = (
			);
			inputPaths = (
				"${PODS_PODFILE_DIR_PATH}/Podfile.lock",
				"${PODS_ROOT}/Manifest.lock",
			);
			name = "[CP] Check Pods Manifest.lock";
			outputFileListPaths = (
			);
			outputPaths = (
				"$(DERIVED_FILE_DIR)/Pods-Weer-checkManifestLockResult.txt",
			);
			runOnlyForDeploymentPostprocessing = 0;
			shellPath = /bin/sh;
			shellScript = "diff \"${PODS_PODFILE_DIR_PATH}/Podfile.lock\" \"${PODS_ROOT}/Manifest.lock\" > /dev/null\nif [ $? != 0 ] ; then\n    # print error to STDERR\n    echo \"error: The sandbox is not in sync with the Podfile.lock. Run 'pod install' or update your CocoaPods installation.\" >&2\n    exit 1\nfi\n# This output is used by Xcode 'outputs' to avoid re-running this script phase.\necho \"SUCCESS\" > \"${SCRIPT_OUTPUT_FILE_0}\"\n";
			showEnvVarsInLog = 0;
		};
/* End PBXShellScriptBuildPhase section */

/* Begin PBXSourcesBuildPhase section */
		A8A0A21026C9BA51002685B1 /* Sources */ = {
			isa = PBXSourcesBuildPhase;
			buildActionMask = 2147483647;
			files = (
				A8A0A21C26C9BA51002685B1 /* TodayViewController.swift in Sources */,
				A8A0A22F26C9C4AD002685B1 /* MainTabController.swift in Sources */,
				A8A0A23926CAE407002685B1 /* TWeatherManager.swift in Sources */,
				A8A0A23B26CC30E9002685B1 /* ForecastWeatherData.swift in Sources */,
				A8A0A24526CD357E002685B1 /* ForecastTableViewCell.swift in Sources */,
				A8A0A23726CAE3C2002685B1 /* TWeatherManagerDelegate.swift in Sources */,
				A8A0A22D26C9C22C002685B1 /* ForecastViewController.swift in Sources */,
				A8A0A23D26CC3348002685B1 /* ForecastWeatherModel.swift in Sources */,
				A8A0A23426CAE137002685B1 /* TodayWeatherModel.swift in Sources */,
				A8A0A24126CC378C002685B1 /* ForecastWeatherManager.swift in Sources */,
				A8A0A23F26CC36E5002685B1 /* ForecastWeatherManagerDelegate.swift in Sources */,
				A8A0A21826C9BA51002685B1 /* AppDelegate.swift in Sources */,
				A8A0A23226CADD96002685B1 /* TodayWeatherData.swift in Sources */,
				A8A0A21A26C9BA51002685B1 /* SceneDelegate.swift in Sources */,
			);
			runOnlyForDeploymentPostprocessing = 0;
		};
/* End PBXSourcesBuildPhase section */

/* Begin PBXVariantGroup section */
		A8A0A21D26C9BA51002685B1 /* Main.storyboard */ = {
			isa = PBXVariantGroup;
			children = (
				A8A0A21E26C9BA51002685B1 /* Base */,
			);
			name = Main.storyboard;
			sourceTree = "<group>";
		};
		A8A0A22226C9BA52002685B1 /* LaunchScreen.storyboard */ = {
			isa = PBXVariantGroup;
			children = (
				A8A0A22326C9BA52002685B1 /* Base */,
			);
			name = LaunchScreen.storyboard;
			sourceTree = "<group>";
		};
/* End PBXVariantGroup section */

/* Begin XCBuildConfiguration section */
		A8A0A22626C9BA52002685B1 /* Debug */ = {
			isa = XCBuildConfiguration;
			buildSettings = {
				ALWAYS_SEARCH_USER_PATHS = NO;
				CLANG_ANALYZER_NONNULL = YES;
				CLANG_ANALYZER_NUMBER_OBJECT_CONVERSION = YES_AGGRESSIVE;
				CLANG_CXX_LANGUAGE_STANDARD = "gnu++14";
				CLANG_CXX_LIBRARY = "libc++";
				CLANG_ENABLE_MODULES = YES;
				CLANG_ENABLE_OBJC_ARC = YES;
				CLANG_ENABLE_OBJC_WEAK = YES;
				CLANG_WARN_BLOCK_CAPTURE_AUTORELEASING = YES;
				CLANG_WARN_BOOL_CONVERSION = YES;
				CLANG_WARN_COMMA = YES;
				CLANG_WARN_CONSTANT_CONVERSION = YES;
				CLANG_WARN_DEPRECATED_OBJC_IMPLEMENTATIONS = YES;
				CLANG_WARN_DIRECT_OBJC_ISA_USAGE = YES_ERROR;
				CLANG_WARN_DOCUMENTATION_COMMENTS = YES;
				CLANG_WARN_EMPTY_BODY = YES;
				CLANG_WARN_ENUM_CONVERSION = YES;
				CLANG_WARN_INFINITE_RECURSION = YES;
				CLANG_WARN_INT_CONVERSION = YES;
				CLANG_WARN_NON_LITERAL_NULL_CONVERSION = YES;
				CLANG_WARN_OBJC_IMPLICIT_RETAIN_SELF = YES;
				CLANG_WARN_OBJC_LITERAL_CONVERSION = YES;
				CLANG_WARN_OBJC_ROOT_CLASS = YES_ERROR;
				CLANG_WARN_QUOTED_INCLUDE_IN_FRAMEWORK_HEADER = YES;
				CLANG_WARN_RANGE_LOOP_ANALYSIS = YES;
				CLANG_WARN_STRICT_PROTOTYPES = YES;
				CLANG_WARN_SUSPICIOUS_MOVE = YES;
				CLANG_WARN_UNGUARDED_AVAILABILITY = YES_AGGRESSIVE;
				CLANG_WARN_UNREACHABLE_CODE = YES;
				CLANG_WARN__DUPLICATE_METHOD_MATCH = YES;
				COPY_PHASE_STRIP = NO;
				DEBUG_INFORMATION_FORMAT = dwarf;
				ENABLE_STRICT_OBJC_MSGSEND = YES;
				ENABLE_TESTABILITY = YES;
				GCC_C_LANGUAGE_STANDARD = gnu11;
				GCC_DYNAMIC_NO_PIC = NO;
				GCC_NO_COMMON_BLOCKS = YES;
				GCC_OPTIMIZATION_LEVEL = 0;
				GCC_PREPROCESSOR_DEFINITIONS = (
					"DEBUG=1",
					"$(inherited)",
				);
				GCC_WARN_64_TO_32_BIT_CONVERSION = YES;
				GCC_WARN_ABOUT_RETURN_TYPE = YES_ERROR;
				GCC_WARN_UNDECLARED_SELECTOR = YES;
				GCC_WARN_UNINITIALIZED_AUTOS = YES_AGGRESSIVE;
				GCC_WARN_UNUSED_FUNCTION = YES;
				GCC_WARN_UNUSED_VARIABLE = YES;
				IPHONEOS_DEPLOYMENT_TARGET = 13.0;
				MTL_ENABLE_DEBUG_INFO = INCLUDE_SOURCE;
				MTL_FAST_MATH = YES;
				ONLY_ACTIVE_ARCH = YES;
				SDKROOT = iphoneos;
				SWIFT_ACTIVE_COMPILATION_CONDITIONS = DEBUG;
				SWIFT_OPTIMIZATION_LEVEL = "-Onone";
			};
			name = Debug;
		};
		A8A0A22726C9BA52002685B1 /* Release */ = {
			isa = XCBuildConfiguration;
			buildSettings = {
				ALWAYS_SEARCH_USER_PATHS = NO;
				CLANG_ANALYZER_NONNULL = YES;
				CLANG_ANALYZER_NUMBER_OBJECT_CONVERSION = YES_AGGRESSIVE;
				CLANG_CXX_LANGUAGE_STANDARD = "gnu++14";
				CLANG_CXX_LIBRARY = "libc++";
				CLANG_ENABLE_MODULES = YES;
				CLANG_ENABLE_OBJC_ARC = YES;
				CLANG_ENABLE_OBJC_WEAK = YES;
				CLANG_WARN_BLOCK_CAPTURE_AUTORELEASING = YES;
				CLANG_WARN_BOOL_CONVERSION = YES;
				CLANG_WARN_COMMA = YES;
				CLANG_WARN_CONSTANT_CONVERSION = YES;
				CLANG_WARN_DEPRECATED_OBJC_IMPLEMENTATIONS = YES;
				CLANG_WARN_DIRECT_OBJC_ISA_USAGE = YES_ERROR;
				CLANG_WARN_DOCUMENTATION_COMMENTS = YES;
				CLANG_WARN_EMPTY_BODY = YES;
				CLANG_WARN_ENUM_CONVERSION = YES;
				CLANG_WARN_INFINITE_RECURSION = YES;
				CLANG_WARN_INT_CONVERSION = YES;
				CLANG_WARN_NON_LITERAL_NULL_CONVERSION = YES;
				CLANG_WARN_OBJC_IMPLICIT_RETAIN_SELF = YES;
				CLANG_WARN_OBJC_LITERAL_CONVERSION = YES;
				CLANG_WARN_OBJC_ROOT_CLASS = YES_ERROR;
				CLANG_WARN_QUOTED_INCLUDE_IN_FRAMEWORK_HEADER = YES;
				CLANG_WARN_RANGE_LOOP_ANALYSIS = YES;
				CLANG_WARN_STRICT_PROTOTYPES = YES;
				CLANG_WARN_SUSPICIOUS_MOVE = YES;
				CLANG_WARN_UNGUARDED_AVAILABILITY = YES_AGGRESSIVE;
				CLANG_WARN_UNREACHABLE_CODE = YES;
				CLANG_WARN__DUPLICATE_METHOD_MATCH = YES;
				COPY_PHASE_STRIP = NO;
				DEBUG_INFORMATION_FORMAT = "dwarf-with-dsym";
				ENABLE_NS_ASSERTIONS = NO;
				ENABLE_STRICT_OBJC_MSGSEND = YES;
				GCC_C_LANGUAGE_STANDARD = gnu11;
				GCC_NO_COMMON_BLOCKS = YES;
				GCC_WARN_64_TO_32_BIT_CONVERSION = YES;
				GCC_WARN_ABOUT_RETURN_TYPE = YES_ERROR;
				GCC_WARN_UNDECLARED_SELECTOR = YES;
				GCC_WARN_UNINITIALIZED_AUTOS = YES_AGGRESSIVE;
				GCC_WARN_UNUSED_FUNCTION = YES;
				GCC_WARN_UNUSED_VARIABLE = YES;
				IPHONEOS_DEPLOYMENT_TARGET = 13.0;
				MTL_ENABLE_DEBUG_INFO = NO;
				MTL_FAST_MATH = YES;
				SDKROOT = iphoneos;
				SWIFT_COMPILATION_MODE = wholemodule;
				SWIFT_OPTIMIZATION_LEVEL = "-O";
				VALIDATE_PRODUCT = YES;
			};
			name = Release;
		};
		A8A0A22926C9BA52002685B1 /* Debug */ = {
			isa = XCBuildConfiguration;
			baseConfigurationReference = 37512BF80EEE628B32FC44B5 /* Pods-Weer.debug.xcconfig */;
			buildSettings = {
				ASSETCATALOG_COMPILER_APPICON_NAME = AppIcon;
				ASSETCATALOG_COMPILER_GLOBAL_ACCENT_COLOR_NAME = AccentColor;
				CODE_SIGN_STYLE = Automatic;
				DEVELOPMENT_TEAM = F3D4FZH655;
				INFOPLIST_FILE = Weer/Info.plist;
				IPHONEOS_DEPLOYMENT_TARGET = 13.0;
				LD_RUNPATH_SEARCH_PATHS = (
					"$(inherited)",
					"@executable_path/Frameworks",
				);
				PRODUCT_BUNDLE_IDENTIFIER = com.artyom.project.Weer;
				PRODUCT_NAME = "$(TARGET_NAME)";
				SWIFT_VERSION = 5.0;
				TARGETED_DEVICE_FAMILY = "1,2";
			};
			name = Debug;
		};
		A8A0A22A26C9BA52002685B1 /* Release */ = {
			isa = XCBuildConfiguration;
			baseConfigurationReference = A48334CAFB7702434E442586 /* Pods-Weer.release.xcconfig */;
			buildSettings = {
				ASSETCATALOG_COMPILER_APPICON_NAME = AppIcon;
				ASSETCATALOG_COMPILER_GLOBAL_ACCENT_COLOR_NAME = AccentColor;
				CODE_SIGN_STYLE = Automatic;
				DEVELOPMENT_TEAM = F3D4FZH655;
				INFOPLIST_FILE = Weer/Info.plist;
				IPHONEOS_DEPLOYMENT_TARGET = 13.0;
				LD_RUNPATH_SEARCH_PATHS = (
					"$(inherited)",
					"@executable_path/Frameworks",
				);
				PRODUCT_BUNDLE_IDENTIFIER = com.artyom.project.Weer;
				PRODUCT_NAME = "$(TARGET_NAME)";
				SWIFT_VERSION = 5.0;
				TARGETED_DEVICE_FAMILY = "1,2";
			};
			name = Release;
		};
/* End XCBuildConfiguration section */

/* Begin XCConfigurationList section */
		A8A0A20F26C9BA51002685B1 /* Build configuration list for PBXProject "Weer" */ = {
			isa = XCConfigurationList;
			buildConfigurations = (
				A8A0A22626C9BA52002685B1 /* Debug */,
				A8A0A22726C9BA52002685B1 /* Release */,
			);
			defaultConfigurationIsVisible = 0;
			defaultConfigurationName = Release;
		};
		A8A0A22826C9BA52002685B1 /* Build configuration list for PBXNativeTarget "Weer" */ = {
			isa = XCConfigurationList;
			buildConfigurations = (
				A8A0A22926C9BA52002685B1 /* Debug */,
				A8A0A22A26C9BA52002685B1 /* Release */,
			);
			defaultConfigurationIsVisible = 0;
			defaultConfigurationName = Release;
		};
/* End XCConfigurationList section */
	};
	rootObject = A8A0A20C26C9BA51002685B1 /* Project object */;
}
